<?xml version="1.0" encoding="utf-8"?>
<Project ToolsVersion="16.0" xmlns="http://schemas.microsoft.com/developer/msbuild/2003">
  <ItemGroup>
    <ClCompile Include="C:\Users\xpech\Documents\Project\OGLBubbles\src\OGLBubbles.cpp">
      <Filter>Source Files</Filter>
    </ClCompile>
    <ClCompile Include="C:\Users\xpech\Documents\Project\OGLBubbles\include\glad\glad.c">
      <Filter>Source Files</Filter>
    </ClCompile>
  </ItemGroup>
  <ItemGroup>
    <ClInclude Include="C:\Users\xpech\Documents\Project\OGLBubbles\include\GLFW\glfw3.h">
      <Filter>Header Files</Filter>
    </ClInclude>
  </ItemGroup>
  <ItemGroup>
    <CustomBuild Include="C:\Users\xpech\Documents\Project\OGLBubbles\CMakeLists.txt" />
  </ItemGroup>
  <ItemGroup>
    <Filter Include="Header Files">
      <UniqueIdentifier>{B02E5022-57FF-3FA5-96B8-62D9075682C8}</UniqueIdentifier>
    </Filter>
    <Filter Include="Source Files">
      <UniqueIdentifier>{D6A66FAD-B66A-3E4B-BF34-764DA32A7D8F}</UniqueIdentifier>
    </Filter>
  </ItemGroup>
</Project>
